// !$*UTF8*$!
{
	archiveVersion = 1;
	classes = {
	};
	objectVersion = 46;
	objects = {

/* Begin PBXBuildFile section */
		BFAD70231913D9AA0018C43A /* Foundation.framework in Frameworks */ = {isa = PBXBuildFile; fileRef = BFAD70221913D9AA0018C43A /* Foundation.framework */; };
		BFAD70251913D9AA0018C43A /* CoreGraphics.framework in Frameworks */ = {isa = PBXBuildFile; fileRef = BFAD70241913D9AA0018C43A /* CoreGraphics.framework */; };
		BFAD70271913D9AA0018C43A /* UIKit.framework in Frameworks */ = {isa = PBXBuildFile; fileRef = BFAD70261913D9AA0018C43A /* UIKit.framework */; };
		BFAD702D1913D9AA0018C43A /* InfoPlist.strings in Resources */ = {isa = PBXBuildFile; fileRef = BFAD702B1913D9AA0018C43A /* InfoPlist.strings */; };
		BFAD702F1913D9AA0018C43A /* main.m in Sources */ = {isa = PBXBuildFile; fileRef = BFAD702E1913D9AA0018C43A /* main.m */; };
		BFAD70331913D9AA0018C43A /* AppDelegate.m in Sources */ = {isa = PBXBuildFile; fileRef = BFAD70321913D9AA0018C43A /* AppDelegate.m */; };
		BFAD70361913D9AA0018C43A /* Main.storyboard in Resources */ = {isa = PBXBuildFile; fileRef = BFAD70341913D9AA0018C43A /* Main.storyboard */; };
		BFAD70391913D9AA0018C43A /* ViewController.m in Sources */ = {isa = PBXBuildFile; fileRef = BFAD70381913D9AA0018C43A /* ViewController.m */; };
		BFAD703B1913D9AA0018C43A /* Images.xcassets in Resources */ = {isa = PBXBuildFile; fileRef = BFAD703A1913D9AA0018C43A /* Images.xcassets */; };
		BFAD70421913D9AA0018C43A /* XCTest.framework in Frameworks */ = {isa = PBXBuildFile; fileRef = BFAD70411913D9AA0018C43A /* XCTest.framework */; };
		BFAD70431913D9AA0018C43A /* Foundation.framework in Frameworks */ = {isa = PBXBuildFile; fileRef = BFAD70221913D9AA0018C43A /* Foundation.framework */; };
		BFAD70441913D9AA0018C43A /* UIKit.framework in Frameworks */ = {isa = PBXBuildFile; fileRef = BFAD70261913D9AA0018C43A /* UIKit.framework */; };
		BFAD704C1913D9AA0018C43A /* InfoPlist.strings in Resources */ = {isa = PBXBuildFile; fileRef = BFAD704A1913D9AA0018C43A /* InfoPlist.strings */; };
		BFAD704E1913D9AA0018C43A /* ObjectiveCTrainerAppTests.m in Sources */ = {isa = PBXBuildFile; fileRef = BFAD704D1913D9AA0018C43A /* ObjectiveCTrainerAppTests.m */; };
/* End PBXBuildFile section */

/* Begin PBXContainerItemProxy section */
		BFAD70451913D9AA0018C43A /* PBXContainerItemProxy */ = {
			isa = PBXContainerItemProxy;
			containerPortal = BFAD70171913D9AA0018C43A /* Project object */;
			proxyType = 1;
			remoteGlobalIDString = BFAD701E1913D9AA0018C43A;
			remoteInfo = ObjectiveCTrainerApp;
		};
/* End PBXContainerItemProxy section */

/* Begin PBXFileReference section */
		BFAD701F1913D9AA0018C43A /* ObjectiveCTrainerApp.app */ = {isa = PBXFileReference; explicitFileType = wrapper.application; includeInIndex = 0; path = ObjectiveCTrainerApp.app; sourceTree = BUILT_PRODUCTS_DIR; };
		BFAD70221913D9AA0018C43A /* Foundation.framework */ = {isa = PBXFileReference; lastKnownFileType = wrapper.framework; name = Foundation.framework; path = System/Library/Frameworks/Foundation.framework; sourceTree = SDKROOT; };
		BFAD70241913D9AA0018C43A /* CoreGraphics.framework */ = {isa = PBXFileReference; lastKnownFileType = wrapper.framework; name = CoreGraphics.framework; path = System/Library/Frameworks/CoreGraphics.framework; sourceTree = SDKROOT; };
		BFAD70261913D9AA0018C43A /* UIKit.framework */ = {isa = PBXFileReference; lastKnownFileType = wrapper.framework; name = UIKit.framework; path = System/Library/Frameworks/UIKit.framework; sourceTree = SDKROOT; };
		BFAD702A1913D9AA0018C43A /* ObjectiveCTrainerApp-Info.plist */ = {isa = PBXFileReference; lastKnownFileType = text.plist.xml; path = "ObjectiveCTrainerApp-Info.plist"; sourceTree = "<group>"; };
		BFAD702C1913D9AA0018C43A /* en */ = {isa = PBXFileReference; lastKnownFileType = text.plist.strings; name = en; path = en.lproj/InfoPlist.strings; sourceTree = "<group>"; };
		BFAD702E1913D9AA0018C43A /* main.m */ = {isa = PBXFileReference; lastKnownFileType = sourcecode.c.objc; path = main.m; sourceTree = "<group>"; };
		BFAD70301913D9AA0018C43A /* ObjectiveCTrainerApp-Prefix.pch */ = {isa = PBXFileReference; lastKnownFileType = sourcecode.c.h; path = "ObjectiveCTrainerApp-Prefix.pch"; sourceTree = "<group>"; };
		BFAD70311913D9AA0018C43A /* AppDelegate.h */ = {isa = PBXFileReference; lastKnownFileType = sourcecode.c.h; path = AppDelegate.h; sourceTree = "<group>"; };
		BFAD70321913D9AA0018C43A /* AppDelegate.m */ = {isa = PBXFileReference; lastKnownFileType = sourcecode.c.objc; path = AppDelegate.m; sourceTree = "<group>"; };
		BFAD70351913D9AA0018C43A /* Base */ = {isa = PBXFileReference; lastKnownFileType = file.storyboard; name = Base; path = Base.lproj/Main.storyboard; sourceTree = "<group>"; };
		BFAD70371913D9AA0018C43A /* ViewController.h */ = {isa = PBXFileReference; lastKnownFileType = sourcecode.c.h; path = ViewController.h; sourceTree = "<group>"; };
		BFAD70381913D9AA0018C43A /* ViewController.m */ = {isa = PBXFileReference; lastKnownFileType = sourcecode.c.objc; path = ViewController.m; sourceTree = "<group>"; };
		BFAD703A1913D9AA0018C43A /* Images.xcassets */ = {isa = PBXFileReference; lastKnownFileType = folder.assetcatalog; path = Images.xcassets; sourceTree = "<group>"; };
		BFAD70401913D9AA0018C43A /* ObjectiveCTrainerAppTests.xctest */ = {isa = PBXFileReference; explicitFileType = wrapper.cfbundle; includeInIndex = 0; path = ObjectiveCTrainerAppTests.xctest; sourceTree = BUILT_PRODUCTS_DIR; };
		BFAD70411913D9AA0018C43A /* XCTest.framework */ = {isa = PBXFileReference; lastKnownFileType = wrapper.framework; name = XCTest.framework; path = Library/Frameworks/XCTest.framework; sourceTree = DEVELOPER_DIR; };
		BFAD70491913D9AA0018C43A /* ObjectiveCTrainerAppTests-Info.plist */ = {isa = PBXFileReference; lastKnownFileType = text.plist.xml; path = "ObjectiveCTrainerAppTests-Info.plist"; sourceTree = "<group>"; };
		BFAD704B1913D9AA0018C43A /* en */ = {isa = PBXFileReference; lastKnownFileType = text.plist.strings; name = en; path = en.lproj/InfoPlist.strings; sourceTree = "<group>"; };
		BFAD704D1913D9AA0018C43A /* ObjectiveCTrainerAppTests.m */ = {isa = PBXFileReference; lastKnownFileType = sourcecode.c.objc; path = ObjectiveCTrainerAppTests.m; sourceTree = "<group>"; };
/* End PBXFileReference section */

/* Begin PBXFrameworksBuildPhase section */
		BFAD701C1913D9AA0018C43A /* Frameworks */ = {
			isa = PBXFrameworksBuildPhase;
			buildActionMask = 2147483647;
			files = (
				BFAD70251913D9AA0018C43A /* CoreGraphics.framework in Frameworks */,
				BFAD70271913D9AA0018C43A /* UIKit.framework in Frameworks */,
				BFAD70231913D9AA0018C43A /* Foundation.framework in Frameworks */,
			);
			runOnlyForDeploymentPostprocessing = 0;
		};
		BFAD703D1913D9AA0018C43A /* Frameworks */ = {
			isa = PBXFrameworksBuildPhase;
			buildActionMask = 2147483647;
			files = (
				BFAD70421913D9AA0018C43A /* XCTest.framework in Frameworks */,
				BFAD70441913D9AA0018C43A /* UIKit.framework in Frameworks */,
				BFAD70431913D9AA0018C43A /* Foundation.framework in Frameworks */,
			);
			runOnlyForDeploymentPostprocessing = 0;
		};
/* End PBXFrameworksBuildPhase section */

/* Begin PBXGroup section */
		BFAD70161913D9AA0018C43A = {
			isa = PBXGroup;
			children = (
				BFAD70281913D9AA0018C43A /* ObjectiveCTrainerApp */,
				BFAD70471913D9AA0018C43A /* ObjectiveCTrainerAppTests */,
				BFAD70211913D9AA0018C43A /* Frameworks */,
				BFAD70201913D9AA0018C43A /* Products */,
			);
			sourceTree = "<group>";
		};
		BFAD70201913D9AA0018C43A /* Products */ = {
			isa = PBXGroup;
			children = (
				BFAD701F1913D9AA0018C43A /* ObjectiveCTrainerApp.app */,
				BFAD70401913D9AA0018C43A /* ObjectiveCTrainerAppTests.xctest */,
			);
			name = Products;
			sourceTree = "<group>";
		};
		BFAD70211913D9AA0018C43A /* Frameworks */ = {
			isa = PBXGroup;
			children = (
				BFAD70221913D9AA0018C43A /* Foundation.framework */,
				BFAD70241913D9AA0018C43A /* CoreGraphics.framework */,
				BFAD70261913D9AA0018C43A /* UIKit.framework */,
				BFAD70411913D9AA0018C43A /* XCTest.framework */,
			);
			name = Frameworks;
			sourceTree = "<group>";
		};
		BFAD70281913D9AA0018C43A /* ObjectiveCTrainerApp */ = {
			isa = PBXGroup;
			children = (
				BFAD70311913D9AA0018C43A /* AppDelegate.h */,
				BFAD70321913D9AA0018C43A /* AppDelegate.m */,
				BFAD70341913D9AA0018C43A /* Main.storyboard */,
				BFAD70371913D9AA0018C43A /* ViewController.h */,
				BFAD70381913D9AA0018C43A /* ViewController.m */,
				BFAD703A1913D9AA0018C43A /* Images.xcassets */,
				BFAD70291913D9AA0018C43A /* Supporting Files */,
			);
			path = ObjectiveCTrainerApp;
			sourceTree = "<group>";
		};
		BFAD70291913D9AA0018C43A /* Supporting Files */ = {
			isa = PBXGroup;
			children = (
				BFAD702A1913D9AA0018C43A /* ObjectiveCTrainerApp-Info.plist */,
				BFAD702B1913D9AA0018C43A /* InfoPlist.strings */,
				BFAD702E1913D9AA0018C43A /* main.m */,
				BFAD70301913D9AA0018C43A /* ObjectiveCTrainerApp-Prefix.pch */,
			);
			name = "Supporting Files";
			sourceTree = "<group>";
		};
		BFAD70471913D9AA0018C43A /* ObjectiveCTrainerAppTests */ = {
			isa = PBXGroup;
			children = (
				BFAD704D1913D9AA0018C43A /* ObjectiveCTrainerAppTests.m */,
				BFAD70481913D9AA0018C43A /* Supporting Files */,
			);
			path = ObjectiveCTrainerAppTests;
			sourceTree = "<group>";
		};
		BFAD70481913D9AA0018C43A /* Supporting Files */ = {
			isa = PBXGroup;
			children = (
				BFAD70491913D9AA0018C43A /* ObjectiveCTrainerAppTests-Info.plist */,
				BFAD704A1913D9AA0018C43A /* InfoPlist.strings */,
			);
			name = "Supporting Files";
			sourceTree = "<group>";
		};
/* End PBXGroup section */

/* Begin PBXNativeTarget section */
		BFAD701E1913D9AA0018C43A /* ObjectiveCTrainerApp */ = {
			isa = PBXNativeTarget;
			buildConfigurationList = BFAD70511913D9AA0018C43A /* Build configuration list for PBXNativeTarget "ObjectiveCTrainerApp" */;
			buildPhases = (
				BFAD701B1913D9AA0018C43A /* Sources */,
				BFAD701C1913D9AA0018C43A /* Frameworks */,
				BFAD701D1913D9AA0018C43A /* Resources */,
			);
			buildRules = (
			);
			dependencies = (
			);
			name = ObjectiveCTrainerApp;
			productName = ObjectiveCTrainerApp;
			productReference = BFAD701F1913D9AA0018C43A /* ObjectiveCTrainerApp.app */;
			productType = "com.apple.product-type.application";
		};
		BFAD703F1913D9AA0018C43A /* ObjectiveCTrainerAppTests */ = {
			isa = PBXNativeTarget;
			buildConfigurationList = BFAD70541913D9AA0018C43A /* Build configuration list for PBXNativeTarget "ObjectiveCTrainerAppTests" */;
			buildPhases = (
				BFAD703C1913D9AA0018C43A /* Sources */,
				BFAD703D1913D9AA0018C43A /* Frameworks */,
				BFAD703E1913D9AA0018C43A /* Resources */,
			);
			buildRules = (
			);
			dependencies = (
				BFAD70461913D9AA0018C43A /* PBXTargetDependency */,
			);
			name = ObjectiveCTrainerAppTests;
			productName = ObjectiveCTrainerAppTests;
			productReference = BFAD70401913D9AA0018C43A /* ObjectiveCTrainerAppTests.xctest */;
			productType = "com.apple.product-type.bundle.unit-test";
		};
/* End PBXNativeTarget section */

/* Begin PBXProject section */
		BFAD70171913D9AA0018C43A /* Project object */ = {
			isa = PBXProject;
			attributes = {
				LastUpgradeCheck = 0510;
				ORGANIZATIONNAME = StrictDesign;
				TargetAttributes = {
					BFAD703F1913D9AA0018C43A = {
						TestTargetID = BFAD701E1913D9AA0018C43A;
					};
				};
			};
			buildConfigurationList = BFAD701A1913D9AA0018C43A /* Build configuration list for PBXProject "ObjectiveCTrainerApp" */;
			compatibilityVersion = "Xcode 3.2";
			developmentRegion = English;
			hasScannedForEncodings = 0;
			knownRegions = (
				en,
				Base,
			);
			mainGroup = BFAD70161913D9AA0018C43A;
			productRefGroup = BFAD70201913D9AA0018C43A /* Products */;
			projectDirPath = "";
			projectRoot = "";
			targets = (
				BFAD701E1913D9AA0018C43A /* ObjectiveCTrainerApp */,
				BFAD703F1913D9AA0018C43A /* ObjectiveCTrainerAppTests */,
			);
		};
/* End PBXProject section */

/* Begin PBXResourcesBuildPhase section */
		BFAD701D1913D9AA0018C43A /* Resources */ = {
			isa = PBXResourcesBuildPhase;
			buildActionMask = 2147483647;
			files = (
				BFAD703B1913D9AA0018C43A /* Images.xcassets in Resources */,
				BFAD702D1913D9AA0018C43A /* InfoPlist.strings in Resources */,
				BFAD70361913D9AA0018C43A /* Main.storyboard in Resources */,
			);
			runOnlyForDeploymentPostprocessing = 0;
		};
		BFAD703E1913D9AA0018C43A /* Resources */ = {
			isa = PBXResourcesBuildPhase;
			buildActionMask = 2147483647;
			files = (
				BFAD704C1913D9AA0018C43A /* InfoPlist.strings in Resources */,
			);
			runOnlyForDeploymentPostprocessing = 0;
		};
/* End PBXResourcesBuildPhase section */

/* Begin PBXSourcesBuildPhase section */
		BFAD701B1913D9AA0018C43A /* Sources */ = {
			isa = PBXSourcesBuildPhase;
			buildActionMask = 2147483647;
			files = (
				BFAD70391913D9AA0018C43A /* ViewController.m in Sources */,
				BFAD70331913D9AA0018C43A /* AppDelegate.m in Sources */,
				BFAD702F1913D9AA0018C43A /* main.m in Sources */,
			);
			runOnlyForDeploymentPostprocessing = 0;
		};
		BFAD703C1913D9AA0018C43A /* Sources */ = {
			isa = PBXSourcesBuildPhase;
			buildActionMask = 2147483647;
			files = (
				BFAD704E1913D9AA0018C43A /* ObjectiveCTrainerAppTests.m in Sources */,
			);
			runOnlyForDeploymentPostprocessing = 0;
		};
/* End PBXSourcesBuildPhase section */

/* Begin PBXTargetDependency section */
		BFAD70461913D9AA0018C43A /* PBXTargetDependency */ = {
			isa = PBXTargetDependency;
			target = BFAD701E1913D9AA0018C43A /* ObjectiveCTrainerApp */;
			targetProxy = BFAD70451913D9AA0018C43A /* PBXContainerItemProxy */;
		};
/* End PBXTargetDependency section */

/* Begin PBXVariantGroup section */
		BFAD702B1913D9AA0018C43A /* InfoPlist.strings */ = {
			isa = PBXVariantGroup;
			children = (
				BFAD702C1913D9AA0018C43A /* en */,
			);
			name = InfoPlist.strings;
			sourceTree = "<group>";
		};
		BFAD70341913D9AA0018C43A /* Main.storyboard */ = {
			isa = PBXVariantGroup;
			children = (
				BFAD70351913D9AA0018C43A /* Base */,
			);
			name = Main.storyboard;
			sourceTree = "<group>";
		};
		BFAD704A1913D9AA0018C43A /* InfoPlist.strings */ = {
			isa = PBXVariantGroup;
			children = (
				BFAD704B1913D9AA0018C43A /* en */,
			);
			name = InfoPlist.strings;
			sourceTree = "<group>";
		};
/* End PBXVariantGroup section */

/* Begin XCBuildConfiguration section */
		BFAD704F1913D9AA0018C43A /* Debug */ = {
			isa = XCBuildConfiguration;
			buildSettings = {
				ALWAYS_SEARCH_USER_PATHS = NO;
				CLANG_CXX_LANGUAGE_STANDARD = "gnu++0x";
				CLANG_CXX_LIBRARY = "libc++";
				CLANG_ENABLE_MODULES = YES;
				CLANG_ENABLE_OBJC_ARC = YES;
				CLANG_WARN_BOOL_CONVERSION = YES;
				CLANG_WARN_CONSTANT_CONVERSION = YES;
				CLANG_WARN_DIRECT_OBJC_ISA_USAGE = YES_ERROR;
				CLANG_WARN_EMPTY_BODY = YES;
				CLANG_WARN_ENUM_CONVERSION = YES;
				CLANG_WARN_INT_CONVERSION = YES;
				CLANG_WARN_OBJC_ROOT_CLASS = YES_ERROR;
				CLANG_WARN__DUPLICATE_METHOD_MATCH = YES;
				"CODE_SIGN_IDENTITY[sdk=iphoneos*]" = "iPhone Developer";
				COPY_PHASE_STRIP = NO;
				GCC_C_LANGUAGE_STANDARD = gnu99;
				GCC_DYNAMIC_NO_PIC = NO;
				GCC_OPTIMIZATION_LEVEL = 0;
				GCC_PREPROCESSOR_DEFINITIONS = (
					"DEBUG=1",
					"$(inherited)",
				);
				GCC_SYMBOLS_PRIVATE_EXTERN = NO;
				GCC_WARN_64_TO_32_BIT_CONVERSION = YES;
				GCC_WARN_ABOUT_RETURN_TYPE = YES_ERROR;
				GCC_WARN_UNDECLARED_SELECTOR = YES;
				GCC_WARN_UNINITIALIZED_AUTOS = YES_AGGRESSIVE;
				GCC_WARN_UNUSED_FUNCTION = YES;
				GCC_WARN_UNUSED_VARIABLE = YES;
				IPHONEOS_DEPLOYMENT_TARGET = 7.1;
				ONLY_ACTIVE_ARCH = YES;
				SDKROOT = iphoneos;
			};
			name = Debug;
		};
		BFAD70501913D9AA0018C43A /* Release */ = {
			isa = XCBuildConfiguration;
			buildSettings = {
				ALWAYS_SEARCH_USER_PATHS = NO;
				CLANG_CXX_LANGUAGE_STANDARD = "gnu++0x";
				CLANG_CXX_LIBRARY = "libc++";
				CLANG_ENABLE_MODULES = YES;
				CLANG_ENABLE_OBJC_ARC = YES;
				CLANG_WARN_BOOL_CONVERSION = YES;
				CLANG_WARN_CONSTANT_CONVERSION = YES;
				CLANG_WARN_DIRECT_OBJC_ISA_USAGE = YES_ERROR;
				CLANG_WARN_EMPTY_BODY = YES;
				CLANG_WARN_ENUM_CONVERSION = YES;
				CLANG_WARN_INT_CONVERSION = YES;
				CLANG_WARN_OBJC_ROOT_CLASS = YES_ERROR;
				CLANG_WARN__DUPLICATE_METHOD_MATCH = YES;
				"CODE_SIGN_IDENTITY[sdk=iphoneos*]" = "iPhone Developer";
				COPY_PHASE_STRIP = YES;
				ENABLE_NS_ASSERTIONS = NO;
				GCC_C_LANGUAGE_STANDARD = gnu99;
				GCC_WARN_64_TO_32_BIT_CONVERSION = YES;
				GCC_WARN_ABOUT_RETURN_TYPE = YES_ERROR;
				GCC_WARN_UNDECLARED_SELECTOR = YES;
				GCC_WARN_UNINITIALIZED_AUTOS = YES_AGGRESSIVE;
				GCC_WARN_UNUSED_FUNCTION = YES;
				GCC_WARN_UNUSED_VARIABLE = YES;
				IPHONEOS_DEPLOYMENT_TARGET = 7.1;
				SDKROOT = iphoneos;
				VALIDATE_PRODUCT = YES;
			};
			name = Release;
		};
		BFAD70521913D9AA0018C43A /* Debug */ = {
			isa = XCBuildConfiguration;
			buildSettings = {
				ASSETCATALOG_COMPILER_APPICON_NAME = AppIcon;
				ASSETCATALOG_COMPILER_LAUNCHIMAGE_NAME = LaunchImage;
				GCC_PRECOMPILE_PREFIX_HEADER = YES;
				GCC_PREFIX_HEADER = "ObjectiveCTrainerApp/ObjectiveCTrainerApp-Prefix.pch";
				INFOPLIST_FILE = "ObjectiveCTrainerApp/ObjectiveCTrainerApp-Info.plist";
				PRODUCT_NAME = "$(TARGET_NAME)";
				WRAPPER_EXTENSION = app;
			};
			name = Debug;
		};
		BFAD70531913D9AA0018C43A /* Release */ = {
			isa = XCBuildConfiguration;
			buildSettings = {
				ASSETCATALOG_COMPILER_APPICON_NAME = AppIcon;
				ASSETCATALOG_COMPILER_LAUNCHIMAGE_NAME = LaunchImage;
				GCC_PRECOMPILE_PREFIX_HEADER = YES;
				GCC_PREFIX_HEADER = "ObjectiveCTrainerApp/ObjectiveCTrainerApp-Prefix.pch";
				INFOPLIST_FILE = "ObjectiveCTrainerApp/ObjectiveCTrainerApp-Info.plist";
				PRODUCT_NAME = "$(TARGET_NAME)";
				WRAPPER_EXTENSION = app;
			};
			name = Release;
		};
		BFAD70551913D9AA0018C43A /* Debug */ = {
			isa = XCBuildConfiguration;
			buildSettings = {
				BUNDLE_LOADER = "$(BUILT_PRODUCTS_DIR)/ObjectiveCTrainerApp.app/ObjectiveCTrainerApp";
				FRAMEWORK_SEARCH_PATHS = (
					"$(SDKROOT)/Developer/Library/Frameworks",
					"$(inherited)",
					"$(DEVELOPER_FRAMEWORKS_DIR)",
				);
				GCC_PRECOMPILE_PREFIX_HEADER = YES;
				GCC_PREFIX_HEADER = "ObjectiveCTrainerApp/ObjectiveCTrainerApp-Prefix.pch";
				GCC_PREPROCESSOR_DEFINITIONS = (
					"DEBUG=1",
					"$(inherited)",
				);
				INFOPLIST_FILE = "ObjectiveCTrainerAppTests/ObjectiveCTrainerAppTests-Info.plist";
				PRODUCT_NAME = "$(TARGET_NAME)";
				TEST_HOST = "$(BUNDLE_LOADER)";
				WRAPPER_EXTENSION = xctest;
			};
			name = Debug;
		};
		BFAD70561913D9AA0018C43A /* Release */ = {
			isa = XCBuildConfiguration;
			buildSettings = {
				BUNDLE_LOADER = "$(BUILT_PRODUCTS_DIR)/ObjectiveCTrainerApp.app/ObjectiveCTrainerApp";
				FRAMEWORK_SEARCH_PATHS = (
					"$(SDKROOT)/Developer/Library/Frameworks",
					"$(inherited)",
					"$(DEVELOPER_FRAMEWORKS_DIR)",
				);
				GCC_PRECOMPILE_PREFIX_HEADER = YES;
				GCC_PREFIX_HEADER = "ObjectiveCTrainerApp/ObjectiveCTrainerApp-Prefix.pch";
				INFOPLIST_FILE = "ObjectiveCTrainerAppTests/ObjectiveCTrainerAppTests-Info.plist";
				PRODUCT_NAME = "$(TARGET_NAME)";
				TEST_HOST = "$(BUNDLE_LOADER)";
				WRAPPER_EXTENSION = xctest;
			};
			name = Release;
		};
/* End XCBuildConfiguration section */

/* Begin XCConfigurationList section */
		BFAD701A1913D9AA0018C43A /* Build configuration list for PBXProject "ObjectiveCTrainerApp" */ = {
			isa = XCConfigurationList;
			buildConfigurations = (
				BFAD704F1913D9AA0018C43A /* Debug */,
				BFAD70501913D9AA0018C43A /* Release */,
			);
			defaultConfigurationIsVisible = 0;
			defaultConfigurationName = Release;
		};
		BFAD70511913D9AA0018C43A /* Build configuration list for PBXNativeTarget "ObjectiveCTrainerApp" */ = {
			isa = XCConfigurationList;
			buildConfigurations = (
				BFAD70521913D9AA0018C43A /* Debug */,
				BFAD70531913D9AA0018C43A /* Release */,
			);
			defaultConfigurationIsVisible = 0;
		};
		BFAD70541913D9AA0018C43A /* Build configuration list for PBXNativeTarget "ObjectiveCTrainerAppTests" */ = {
			isa = XCConfigurationList;
			buildConfigurations = (
				BFAD70551913D9AA0018C43A /* Debug */,
				BFAD70561913D9AA0018C43A /* Release */,
			);
			defaultConfigurationIsVisible = 0;
		};
/* End XCConfigurationList section */
	};
	rootObject = BFAD70171913D9AA0018C43A /* Project object */;
}
